// !$*UTF8*$!
{
	archiveVersion = 1;
	classes = {
	};
	objectVersion = 50;
	objects = {

/* Begin PBXBuildFile section */
		8038D42324A80CD1006F5115 /* AppDelegate.m in Sources */ = {isa = PBXBuildFile; fileRef = 8038D42224A80CD1006F5115 /* AppDelegate.m */; };
		8038D42624A80CD1006F5115 /* SceneDelegate.m in Sources */ = {isa = PBXBuildFile; fileRef = 8038D42524A80CD1006F5115 /* SceneDelegate.m */; };
		8038D42924A80CD1006F5115 /* ViewController.m in Sources */ = {isa = PBXBuildFile; fileRef = 8038D42824A80CD1006F5115 /* ViewController.m */; };
		8038D42C24A80CD1006F5115 /* Main.storyboard in Resources */ = {isa = PBXBuildFile; fileRef = 8038D42A24A80CD1006F5115 /* Main.storyboard */; };
		8038D42E24A80CD2006F5115 /* Assets.xcassets in Resources */ = {isa = PBXBuildFile; fileRef = 8038D42D24A80CD2006F5115 /* Assets.xcassets */; };
		8038D43124A80CD2006F5115 /* LaunchScreen.storyboard in Resources */ = {isa = PBXBuildFile; fileRef = 8038D42F24A80CD2006F5115 /* LaunchScreen.storyboard */; };
		8038D43424A80CD2006F5115 /* main.m in Sources */ = {isa = PBXBuildFile; fileRef = 8038D43324A80CD2006F5115 /* main.m */; };
		8038D43E24A80CD2006F5115 /* TumblrTests.m in Sources */ = {isa = PBXBuildFile; fileRef = 8038D43D24A80CD2006F5115 /* TumblrTests.m */; };
		8038D44924A80CD2006F5115 /* TumblrUITests.m in Sources */ = {isa = PBXBuildFile; fileRef = 8038D44824A80CD2006F5115 /* TumblrUITests.m */; };
/* End PBXBuildFile section */

/* Begin PBXContainerItemProxy section */
		8038D43A24A80CD2006F5115 /* PBXContainerItemProxy */ = {
			isa = PBXContainerItemProxy;
			containerPortal = 8038D41624A80CD1006F5115 /* Project object */;
			proxyType = 1;
			remoteGlobalIDString = 8038D41D24A80CD1006F5115;
			remoteInfo = Tumblr;
		};
		8038D44524A80CD2006F5115 /* PBXContainerItemProxy */ = {
			isa = PBXContainerItemProxy;
			containerPortal = 8038D41624A80CD1006F5115 /* Project object */;
			proxyType = 1;
			remoteGlobalIDString = 8038D41D24A80CD1006F5115;
			remoteInfo = Tumblr;
		};
/* End PBXContainerItemProxy section */

/* Begin PBXFileReference section */
		8038D41E24A80CD1006F5115 /* Tumblr.app */ = {isa = PBXFileReference; explicitFileType = wrapper.application; includeInIndex = 0; path = Tumblr.app; sourceTree = BUILT_PRODUCTS_DIR; };
		8038D42124A80CD1006F5115 /* AppDelegate.h */ = {isa = PBXFileReference; lastKnownFileType = sourcecode.c.h; path = AppDelegate.h; sourceTree = "<group>"; };
		8038D42224A80CD1006F5115 /* AppDelegate.m */ = {isa = PBXFileReference; lastKnownFileType = sourcecode.c.objc; path = AppDelegate.m; sourceTree = "<group>"; };
		8038D42424A80CD1006F5115 /* SceneDelegate.h */ = {isa = PBXFileReference; lastKnownFileType = sourcecode.c.h; path = SceneDelegate.h; sourceTree = "<group>"; };
		8038D42524A80CD1006F5115 /* SceneDelegate.m */ = {isa = PBXFileReference; lastKnownFileType = sourcecode.c.objc; path = SceneDelegate.m; sourceTree = "<group>"; };
		8038D42724A80CD1006F5115 /* ViewController.h */ = {isa = PBXFileReference; lastKnownFileType = sourcecode.c.h; path = ViewController.h; sourceTree = "<group>"; };
		8038D42824A80CD1006F5115 /* ViewController.m */ = {isa = PBXFileReference; lastKnownFileType = sourcecode.c.objc; path = ViewController.m; sourceTree = "<group>"; };
		8038D42B24A80CD1006F5115 /* Base */ = {isa = PBXFileReference; lastKnownFileType = file.storyboard; name = Base; path = Base.lproj/Main.storyboard; sourceTree = "<group>"; };
		8038D42D24A80CD2006F5115 /* Assets.xcassets */ = {isa = PBXFileReference; lastKnownFileType = folder.assetcatalog; path = Assets.xcassets; sourceTree = "<group>"; };
		8038D43024A80CD2006F5115 /* Base */ = {isa = PBXFileReference; lastKnownFileType = file.storyboard; name = Base; path = Base.lproj/LaunchScreen.storyboard; sourceTree = "<group>"; };
		8038D43224A80CD2006F5115 /* Info.plist */ = {isa = PBXFileReference; lastKnownFileType = text.plist.xml; path = Info.plist; sourceTree = "<group>"; };
		8038D43324A80CD2006F5115 /* main.m */ = {isa = PBXFileReference; lastKnownFileType = sourcecode.c.objc; path = main.m; sourceTree = "<group>"; };
		8038D43924A80CD2006F5115 /* TumblrTests.xctest */ = {isa = PBXFileReference; explicitFileType = wrapper.cfbundle; includeInIndex = 0; path = TumblrTests.xctest; sourceTree = BUILT_PRODUCTS_DIR; };
		8038D43D24A80CD2006F5115 /* TumblrTests.m */ = {isa = PBXFileReference; lastKnownFileType = sourcecode.c.objc; path = TumblrTests.m; sourceTree = "<group>"; };
		8038D43F24A80CD2006F5115 /* Info.plist */ = {isa = PBXFileReference; lastKnownFileType = text.plist.xml; path = Info.plist; sourceTree = "<group>"; };
		8038D44424A80CD2006F5115 /* TumblrUITests.xctest */ = {isa = PBXFileReference; explicitFileType = wrapper.cfbundle; includeInIndex = 0; path = TumblrUITests.xctest; sourceTree = BUILT_PRODUCTS_DIR; };
		8038D44824A80CD2006F5115 /* TumblrUITests.m */ = {isa = PBXFileReference; lastKnownFileType = sourcecode.c.objc; path = TumblrUITests.m; sourceTree = "<group>"; };
		8038D44A24A80CD2006F5115 /* Info.plist */ = {isa = PBXFileReference; lastKnownFileType = text.plist.xml; path = Info.plist; sourceTree = "<group>"; };
/* End PBXFileReference section */

/* Begin PBXFrameworksBuildPhase section */
		8038D41B24A80CD1006F5115 /* Frameworks */ = {
			isa = PBXFrameworksBuildPhase;
			buildActionMask = 2147483647;
			files = (
			);
			runOnlyForDeploymentPostprocessing = 0;
		};
		8038D43624A80CD2006F5115 /* Frameworks */ = {
			isa = PBXFrameworksBuildPhase;
			buildActionMask = 2147483647;
			files = (
			);
			runOnlyForDeploymentPostprocessing = 0;
		};
		8038D44124A80CD2006F5115 /* Frameworks */ = {
			isa = PBXFrameworksBuildPhase;
			buildActionMask = 2147483647;
			files = (
			);
			runOnlyForDeploymentPostprocessing = 0;
		};
/* End PBXFrameworksBuildPhase section */

/* Begin PBXGroup section */
		8038D41524A80CD1006F5115 = {
			isa = PBXGroup;
			children = (
				8038D42024A80CD1006F5115 /* Tumblr */,
				8038D43C24A80CD2006F5115 /* TumblrTests */,
				8038D44724A80CD2006F5115 /* TumblrUITests */,
				8038D41F24A80CD1006F5115 /* Products */,
			);
			sourceTree = "<group>";
		};
		8038D41F24A80CD1006F5115 /* Products */ = {
			isa = PBXGroup;
			children = (
				8038D41E24A80CD1006F5115 /* Tumblr.app */,
				8038D43924A80CD2006F5115 /* TumblrTests.xctest */,
				8038D44424A80CD2006F5115 /* TumblrUITests.xctest */,
			);
			name = Products;
			sourceTree = "<group>";
		};
		8038D42024A80CD1006F5115 /* Tumblr */ = {
			isa = PBXGroup;
			children = (
				8038D42124A80CD1006F5115 /* AppDelegate.h */,
				8038D42224A80CD1006F5115 /* AppDelegate.m */,
				8038D42424A80CD1006F5115 /* SceneDelegate.h */,
				8038D42524A80CD1006F5115 /* SceneDelegate.m */,
				8038D42724A80CD1006F5115 /* ViewController.h */,
				8038D42824A80CD1006F5115 /* ViewController.m */,
				8038D42A24A80CD1006F5115 /* Main.storyboard */,
				8038D42D24A80CD2006F5115 /* Assets.xcassets */,
				8038D42F24A80CD2006F5115 /* LaunchScreen.storyboard */,
				8038D43224A80CD2006F5115 /* Info.plist */,
				8038D43324A80CD2006F5115 /* main.m */,
			);
			path = Tumblr;
			sourceTree = "<group>";
		};
		8038D43C24A80CD2006F5115 /* TumblrTests */ = {
			isa = PBXGroup;
			children = (
				8038D43D24A80CD2006F5115 /* TumblrTests.m */,
				8038D43F24A80CD2006F5115 /* Info.plist */,
			);
			path = TumblrTests;
			sourceTree = "<group>";
		};
		8038D44724A80CD2006F5115 /* TumblrUITests */ = {
			isa = PBXGroup;
			children = (
				8038D44824A80CD2006F5115 /* TumblrUITests.m */,
				8038D44A24A80CD2006F5115 /* Info.plist */,
			);
			path = TumblrUITests;
			sourceTree = "<group>";
		};
/* End PBXGroup section */

/* Begin PBXNativeTarget section */
		8038D41D24A80CD1006F5115 /* Tumblr */ = {
			isa = PBXNativeTarget;
			buildConfigurationList = 8038D44D24A80CD2006F5115 /* Build configuration list for PBXNativeTarget "Tumblr" */;
			buildPhases = (
				8038D41A24A80CD1006F5115 /* Sources */,
				8038D41B24A80CD1006F5115 /* Frameworks */,
				8038D41C24A80CD1006F5115 /* Resources */,
			);
			buildRules = (
			);
			dependencies = (
			);
			name = Tumblr;
			productName = Tumblr;
			productReference = 8038D41E24A80CD1006F5115 /* Tumblr.app */;
			productType = "com.apple.product-type.application";
		};
		8038D43824A80CD2006F5115 /* TumblrTests */ = {
			isa = PBXNativeTarget;
			buildConfigurationList = 8038D45024A80CD2006F5115 /* Build configuration list for PBXNativeTarget "TumblrTests" */;
			buildPhases = (
				8038D43524A80CD2006F5115 /* Sources */,
				8038D43624A80CD2006F5115 /* Frameworks */,
				8038D43724A80CD2006F5115 /* Resources */,
			);
			buildRules = (
			);
			dependencies = (
				8038D43B24A80CD2006F5115 /* PBXTargetDependency */,
			);
			name = TumblrTests;
			productName = TumblrTests;
			productReference = 8038D43924A80CD2006F5115 /* TumblrTests.xctest */;
			productType = "com.apple.product-type.bundle.unit-test";
		};
		8038D44324A80CD2006F5115 /* TumblrUITests */ = {
			isa = PBXNativeTarget;
			buildConfigurationList = 8038D45324A80CD2006F5115 /* Build configuration list for PBXNativeTarget "TumblrUITests" */;
			buildPhases = (
				8038D44024A80CD2006F5115 /* Sources */,
				8038D44124A80CD2006F5115 /* Frameworks */,
				8038D44224A80CD2006F5115 /* Resources */,
			);
			buildRules = (
			);
			dependencies = (
				8038D44624A80CD2006F5115 /* PBXTargetDependency */,
			);
			name = TumblrUITests;
			productName = TumblrUITests;
			productReference = 8038D44424A80CD2006F5115 /* TumblrUITests.xctest */;
			productType = "com.apple.product-type.bundle.ui-testing";
		};
/* End PBXNativeTarget section */

/* Begin PBXProject section */
		8038D41624A80CD1006F5115 /* Project object */ = {
			isa = PBXProject;
			attributes = {
				LastUpgradeCheck = 1150;
				ORGANIZATIONNAME = FacebookUniversity;
				TargetAttributes = {
					8038D41D24A80CD1006F5115 = {
						CreatedOnToolsVersion = 11.5;
					};
					8038D43824A80CD2006F5115 = {
						CreatedOnToolsVersion = 11.5;
						TestTargetID = 8038D41D24A80CD1006F5115;
					};
					8038D44324A80CD2006F5115 = {
						CreatedOnToolsVersion = 11.5;
						TestTargetID = 8038D41D24A80CD1006F5115;
					};
				};
			};
			buildConfigurationList = 8038D41924A80CD1006F5115 /* Build configuration list for PBXProject "Tumblr" */;
			compatibilityVersion = "Xcode 9.3";
			developmentRegion = en;
			hasScannedForEncodings = 0;
			knownRegions = (
				en,
				Base,
			);
			mainGroup = 8038D41524A80CD1006F5115;
			productRefGroup = 8038D41F24A80CD1006F5115 /* Products */;
			projectDirPath = "";
			projectRoot = "";
			targets = (
				8038D41D24A80CD1006F5115 /* Tumblr */,
				8038D43824A80CD2006F5115 /* TumblrTests */,
				8038D44324A80CD2006F5115 /* TumblrUITests */,
			);
		};
/* End PBXProject section */

/* Begin PBXResourcesBuildPhase section */
		8038D41C24A80CD1006F5115 /* Resources */ = {
			isa = PBXResourcesBuildPhase;
			buildActionMask = 2147483647;
			files = (
				8038D43124A80CD2006F5115 /* LaunchScreen.storyboard in Resources */,
				8038D42E24A80CD2006F5115 /* Assets.xcassets in Resources */,
				8038D42C24A80CD1006F5115 /* Main.storyboard in Resources */,
			);
			runOnlyForDeploymentPostprocessing = 0;
		};
		8038D43724A80CD2006F5115 /* Resources */ = {
			isa = PBXResourcesBuildPhase;
			buildActionMask = 2147483647;
			files = (
			);
			runOnlyForDeploymentPostprocessing = 0;
		};
		8038D44224A80CD2006F5115 /* Resources */ = {
			isa = PBXResourcesBuildPhase;
			buildActionMask = 2147483647;
			files = (
			);
			runOnlyForDeploymentPostprocessing = 0;
		};
/* End PBXResourcesBuildPhase section */

/* Begin PBXSourcesBuildPhase section */
		8038D41A24A80CD1006F5115 /* Sources */ = {
			isa = PBXSourcesBuildPhase;
			buildActionMask = 2147483647;
			files = (
				8038D42924A80CD1006F5115 /* ViewController.m in Sources */,
				8038D42324A80CD1006F5115 /* AppDelegate.m in Sources */,
				8038D43424A80CD2006F5115 /* main.m in Sources */,
				8038D42624A80CD1006F5115 /* SceneDelegate.m in Sources */,
			);
			runOnlyForDeploymentPostprocessing = 0;
		};
		8038D43524A80CD2006F5115 /* Sources */ = {
			isa = PBXSourcesBuildPhase;
			buildActionMask = 2147483647;
			files = (
				8038D43E24A80CD2006F5115 /* TumblrTests.m in Sources */,
			);
			runOnlyForDeploymentPostprocessing = 0;
		};
		8038D44024A80CD2006F5115 /* Sources */ = {
			isa = PBXSourcesBuildPhase;
			buildActionMask = 2147483647;
			files = (
				8038D44924A80CD2006F5115 /* TumblrUITests.m in Sources */,
			);
			runOnlyForDeploymentPostprocessing = 0;
		};
/* End PBXSourcesBuildPhase section */

/* Begin PBXTargetDependency section */
		8038D43B24A80CD2006F5115 /* PBXTargetDependency */ = {
			isa = PBXTargetDependency;
			target = 8038D41D24A80CD1006F5115 /* Tumblr */;
			targetProxy = 8038D43A24A80CD2006F5115 /* PBXContainerItemProxy */;
		};
		8038D44624A80CD2006F5115 /* PBXTargetDependency */ = {
			isa = PBXTargetDependency;
			target = 8038D41D24A80CD1006F5115 /* Tumblr */;
			targetProxy = 8038D44524A80CD2006F5115 /* PBXContainerItemProxy */;
		};
/* End PBXTargetDependency section */

/* Begin PBXVariantGroup section */
		8038D42A24A80CD1006F5115 /* Main.storyboard */ = {
			isa = PBXVariantGroup;
			children = (
				8038D42B24A80CD1006F5115 /* Base */,
			);
			name = Main.storyboard;
			sourceTree = "<group>";
		};
		8038D42F24A80CD2006F5115 /* LaunchScreen.storyboard */ = {
			isa = PBXVariantGroup;
			children = (
				8038D43024A80CD2006F5115 /* Base */,
			);
			name = LaunchScreen.storyboard;
			sourceTree = "<group>";
		};
/* End PBXVariantGroup section */

/* Begin XCBuildConfiguration section */
		8038D44B24A80CD2006F5115 /* Debug */ = {
			isa = XCBuildConfiguration;
			buildSettings = {
				ALWAYS_SEARCH_USER_PATHS = NO;
				CLANG_ANALYZER_NONNULL = YES;
				CLANG_ANALYZER_NUMBER_OBJECT_CONVERSION = YES_AGGRESSIVE;
				CLANG_CXX_LANGUAGE_STANDARD = "gnu++14";
				CLANG_CXX_LIBRARY = "libc++";
				CLANG_ENABLE_MODULES = YES;
				CLANG_ENABLE_OBJC_ARC = YES;
				CLANG_ENABLE_OBJC_WEAK = YES;
				CLANG_WARN_BLOCK_CAPTURE_AUTORELEASING = YES;
				CLANG_WARN_BOOL_CONVERSION = YES;
				CLANG_WARN_COMMA = YES;
				CLANG_WARN_CONSTANT_CONVERSION = YES;
				CLANG_WARN_DEPRECATED_OBJC_IMPLEMENTATIONS = YES;
				CLANG_WARN_DIRECT_OBJC_ISA_USAGE = YES_ERROR;
				CLANG_WARN_DOCUMENTATION_COMMENTS = YES;
				CLANG_WARN_EMPTY_BODY = YES;
				CLANG_WARN_ENUM_CONVERSION = YES;
				CLANG_WARN_INFINITE_RECURSION = YES;
				CLANG_WARN_INT_CONVERSION = YES;
				CLANG_WARN_NON_LITERAL_NULL_CONVERSION = YES;
				CLANG_WARN_OBJC_IMPLICIT_RETAIN_SELF = YES;
				CLANG_WARN_OBJC_LITERAL_CONVERSION = YES;
				CLANG_WARN_OBJC_ROOT_CLASS = YES_ERROR;
				CLANG_WARN_RANGE_LOOP_ANALYSIS = YES;
				CLANG_WARN_STRICT_PROTOTYPES = YES;
				CLANG_WARN_SUSPICIOUS_MOVE = YES;
				CLANG_WARN_UNGUARDED_AVAILABILITY = YES_AGGRESSIVE;
				CLANG_WARN_UNREACHABLE_CODE = YES;
				CLANG_WARN__DUPLICATE_METHOD_MATCH = YES;
				COPY_PHASE_STRIP = NO;
				DEBUG_INFORMATION_FORMAT = dwarf;
				ENABLE_STRICT_OBJC_MSGSEND = YES;
				ENABLE_TESTABILITY = YES;
				GCC_C_LANGUAGE_STANDARD = gnu11;
				GCC_DYNAMIC_NO_PIC = NO;
				GCC_NO_COMMON_BLOCKS = YES;
				GCC_OPTIMIZATION_LEVEL = 0;
				GCC_PREPROCESSOR_DEFINITIONS = (
					"DEBUG=1",
					"$(inherited)",
				);
				GCC_WARN_64_TO_32_BIT_CONVERSION = YES;
				GCC_WARN_ABOUT_RETURN_TYPE = YES_ERROR;
				GCC_WARN_UNDECLARED_SELECTOR = YES;
				GCC_WARN_UNINITIALIZED_AUTOS = YES_AGGRESSIVE;
				GCC_WARN_UNUSED_FUNCTION = YES;
				GCC_WARN_UNUSED_VARIABLE = YES;
				IPHONEOS_DEPLOYMENT_TARGET = 13.5;
				MTL_ENABLE_DEBUG_INFO = INCLUDE_SOURCE;
				MTL_FAST_MATH = YES;
				ONLY_ACTIVE_ARCH = YES;
				SDKROOT = iphoneos;
			};
			name = Debug;
		};
		8038D44C24A80CD2006F5115 /* Release */ = {
			isa = XCBuildConfiguration;
			buildSettings = {
				ALWAYS_SEARCH_USER_PATHS = NO;
				CLANG_ANALYZER_NONNULL = YES;
				CLANG_ANALYZER_NUMBER_OBJECT_CONVERSION = YES_AGGRESSIVE;
				CLANG_CXX_LANGUAGE_STANDARD = "gnu++14";
				CLANG_CXX_LIBRARY = "libc++";
				CLANG_ENABLE_MODULES = YES;
				CLANG_ENABLE_OBJC_ARC = YES;
				CLANG_ENABLE_OBJC_WEAK = YES;
				CLANG_WARN_BLOCK_CAPTURE_AUTORELEASING = YES;
				CLANG_WARN_BOOL_CONVERSION = YES;
				CLANG_WARN_COMMA = YES;
				CLANG_WARN_CONSTANT_CONVERSION = YES;
				CLANG_WARN_DEPRECATED_OBJC_IMPLEMENTATIONS = YES;
				CLANG_WARN_DIRECT_OBJC_ISA_USAGE = YES_ERROR;
				CLANG_WARN_DOCUMENTATION_COMMENTS = YES;
				CLANG_WARN_EMPTY_BODY = YES;
				CLANG_WARN_ENUM_CONVERSION = YES;
				CLANG_WARN_INFINITE_RECURSION = YES;
				CLANG_WARN_INT_CONVERSION = YES;
				CLANG_WARN_NON_LITERAL_NULL_CONVERSION = YES;
				CLANG_WARN_OBJC_IMPLICIT_RETAIN_SELF = YES;
				CLANG_WARN_OBJC_LITERAL_CONVERSION = YES;
				CLANG_WARN_OBJC_ROOT_CLASS = YES_ERROR;
				CLANG_WARN_RANGE_LOOP_ANALYSIS = YES;
				CLANG_WARN_STRICT_PROTOTYPES = YES;
				CLANG_WARN_SUSPICIOUS_MOVE = YES;
				CLANG_WARN_UNGUARDED_AVAILABILITY = YES_AGGRESSIVE;
				CLANG_WARN_UNREACHABLE_CODE = YES;
				CLANG_WARN__DUPLICATE_METHOD_MATCH = YES;
				COPY_PHASE_STRIP = NO;
				DEBUG_INFORMATION_FORMAT = "dwarf-with-dsym";
				ENABLE_NS_ASSERTIONS = NO;
				ENABLE_STRICT_OBJC_MSGSEND = YES;
				GCC_C_LANGUAGE_STANDARD = gnu11;
				GCC_NO_COMMON_BLOCKS = YES;
				GCC_WARN_64_TO_32_BIT_CONVERSION = YES;
				GCC_WARN_ABOUT_RETURN_TYPE = YES_ERROR;
				GCC_WARN_UNDECLARED_SELECTOR = YES;
				GCC_WARN_UNINITIALIZED_AUTOS = YES_AGGRESSIVE;
				GCC_WARN_UNUSED_FUNCTION = YES;
				GCC_WARN_UNUSED_VARIABLE = YES;
				IPHONEOS_DEPLOYMENT_TARGET = 13.5;
				MTL_ENABLE_DEBUG_INFO = NO;
				MTL_FAST_MATH = YES;
				SDKROOT = iphoneos;
				VALIDATE_PRODUCT = YES;
			};
			name = Release;
		};
		8038D44E24A80CD2006F5115 /* Debug */ = {
			isa = XCBuildConfiguration;
			buildSettings = {
				ASSETCATALOG_COMPILER_APPICON_NAME = AppIcon;
				CODE_SIGN_STYLE = Automatic;
				INFOPLIST_FILE = Tumblr/Info.plist;
				LD_RUNPATH_SEARCH_PATHS = (
					"$(inherited)",
					"@executable_path/Frameworks",
				);
				PRODUCT_BUNDLE_IDENTIFIER = com.zurken.Tumblr;
				PRODUCT_NAME = "$(TARGET_NAME)";
				TARGETED_DEVICE_FAMILY = "1,2";
			};
			name = Debug;
		};
		8038D44F24A80CD2006F5115 /* Release */ = {
			isa = XCBuildConfiguration;
			buildSettings = {
				ASSETCATALOG_COMPILER_APPICON_NAME = AppIcon;
				CODE_SIGN_STYLE = Automatic;
				INFOPLIST_FILE = Tumblr/Info.plist;
				LD_RUNPATH_SEARCH_PATHS = (
					"$(inherited)",
					"@executable_path/Frameworks",
				);
				PRODUCT_BUNDLE_IDENTIFIER = com.zurken.Tumblr;
				PRODUCT_NAME = "$(TARGET_NAME)";
				TARGETED_DEVICE_FAMILY = "1,2";
			};
			name = Release;
		};
		8038D45124A80CD2006F5115 /* Debug */ = {
			isa = XCBuildConfiguration;
			buildSettings = {
				BUNDLE_LOADER = "$(TEST_HOST)";
				CODE_SIGN_STYLE = Automatic;
				INFOPLIST_FILE = TumblrTests/Info.plist;
				IPHONEOS_DEPLOYMENT_TARGET = 13.5;
				LD_RUNPATH_SEARCH_PATHS = (
					"$(inherited)",
					"@executable_path/Frameworks",
					"@loader_path/Frameworks",
				);
				PRODUCT_BUNDLE_IDENTIFIER = com.zurken.TumblrTests;
				PRODUCT_NAME = "$(TARGET_NAME)";
				TARGETED_DEVICE_FAMILY = "1,2";
				TEST_HOST = "$(BUILT_PRODUCTS_DIR)/Tumblr.app/Tumblr";
			};
			name = Debug;
		};
		8038D45224A80CD2006F5115 /* Release */ = {
			isa = XCBuildConfiguration;
			buildSettings = {
				BUNDLE_LOADER = "$(TEST_HOST)";
				CODE_SIGN_STYLE = Automatic;
				INFOPLIST_FILE = TumblrTests/Info.plist;
				IPHONEOS_DEPLOYMENT_TARGET = 13.5;
				LD_RUNPATH_SEARCH_PATHS = (
					"$(inherited)",
					"@executable_path/Frameworks",
					"@loader_path/Frameworks",
				);
				PRODUCT_BUNDLE_IDENTIFIER = com.zurken.TumblrTests;
				PRODUCT_NAME = "$(TARGET_NAME)";
				TARGETED_DEVICE_FAMILY = "1,2";
				TEST_HOST = "$(BUILT_PRODUCTS_DIR)/Tumblr.app/Tumblr";
			};
			name = Release;
		};
		8038D45424A80CD2006F5115 /* Debug */ = {
			isa = XCBuildConfiguration;
			buildSettings = {
				CODE_SIGN_STYLE = Automatic;
				INFOPLIST_FILE = TumblrUITests/Info.plist;
				LD_RUNPATH_SEARCH_PATHS = (
					"$(inherited)",
					"@executable_path/Frameworks",
					"@loader_path/Frameworks",
				);
				PRODUCT_BUNDLE_IDENTIFIER = com.zurken.TumblrUITests;
				PRODUCT_NAME = "$(TARGET_NAME)";
				TARGETED_DEVICE_FAMILY = "1,2";
				TEST_TARGET_NAME = Tumblr;
			};
			name = Debug;
		};
		8038D45524A80CD2006F5115 /* Release */ = {
			isa = XCBuildConfiguration;
			buildSettings = {
				CODE_SIGN_STYLE = Automatic;
				INFOPLIST_FILE = TumblrUITests/Info.plist;
				LD_RUNPATH_SEARCH_PATHS = (
					"$(inherited)",
					"@executable_path/Frameworks",
					"@loader_path/Frameworks",
				);
				PRODUCT_BUNDLE_IDENTIFIER = com.zurken.TumblrUITests;
				PRODUCT_NAME = "$(TARGET_NAME)";
				TARGETED_DEVICE_FAMILY = "1,2";
				TEST_TARGET_NAME = Tumblr;
			};
			name = Release;
		};
/* End XCBuildConfiguration section */

/* Begin XCConfigurationList section */
		8038D41924A80CD1006F5115 /* Build configuration list for PBXProject "Tumblr" */ = {
			isa = XCConfigurationList;
			buildConfigurations = (
				8038D44B24A80CD2006F5115 /* Debug */,
				8038D44C24A80CD2006F5115 /* Release */,
			);
			defaultConfigurationIsVisible = 0;
			defaultConfigurationName = Release;
		};
		8038D44D24A80CD2006F5115 /* Build configuration list for PBXNativeTarget "Tumblr" */ = {
			isa = XCConfigurationList;
			buildConfigurations = (
				8038D44E24A80CD2006F5115 /* Debug */,
				8038D44F24A80CD2006F5115 /* Release */,
			);
			defaultConfigurationIsVisible = 0;
			defaultConfigurationName = Release;
		};
		8038D45024A80CD2006F5115 /* Build configuration list for PBXNativeTarget "TumblrTests" */ = {
			isa = XCConfigurationList;
			buildConfigurations = (
				8038D45124A80CD2006F5115 /* Debug */,
				8038D45224A80CD2006F5115 /* Release */,
			);
			defaultConfigurationIsVisible = 0;
			defaultConfigurationName = Release;
		};
		8038D45324A80CD2006F5115 /* Build configuration list for PBXNativeTarget "TumblrUITests" */ = {
			isa = XCConfigurationList;
			buildConfigurations = (
				8038D45424A80CD2006F5115 /* Debug */,
				8038D45524A80CD2006F5115 /* Release */,
			);
			defaultConfigurationIsVisible = 0;
			defaultConfigurationName = Release;
		};
/* End XCConfigurationList section */
	};
	rootObject = 8038D41624A80CD1006F5115 /* Project object */;
}
